
Microsoft Visual Studio Solution File, Format Version 12.00
# Visual Studio Version 17
VisualStudioVersion = 17.4.33213.308
MinimumVisualStudioVersion = 10.0.40219.1
Project("{FAE04EC0-301F-11D3-BF4B-00C04F79EFBC}") = "Archive", "Archive.csproj", "{F6674313-6DDF-4C80-A725-ADBFE772348D}"
EndProject
Global
	GlobalSection(SolutionConfigurationPlatforms) = preSolution
		Debug|Any CPU = Debug|Any CPU
		Release|Any CPU = Release|Any CPU
	EndGlobalSection
	GlobalSection(ProjectConfigurationPlatforms) = postSolution
		{F6674313-6DDF-4C80-A725-ADBFE772348D}.Debug|Any CPU.ActiveCfg = Debug|Any CPU
		{F6674313-6DDF-4C80-A725-ADBFE772348D}.Debug|Any CPU.Build.0 = Debug|Any CPU
		{F6674313-6DDF-4C80-A725-ADBFE772348D}.Release|Any CPU.ActiveCfg = Release|Any CPU
		{F6674313-6DDF-4C80-A725-ADBFE772348D}.Release|Any CPU.Build.0 = Release|Any CPU
	EndGlobalSection
	GlobalSection(SolutionProperties) = preSolution
		HideSolutionNode = FALSE
	EndGlobalSection
	GlobalSection(ExtensibilityGlobals) = postSolution
		SolutionGuid = {88B1727C-578B-40EF-9FB5-03B3D1DF7E4C}
	EndGlobalSection
EndGlobal
